// !$*UTF8*$!
{
	archiveVersion = 1;
	classes = {
	};
	objectVersion = 50;
	objects = {

/* Begin PBXBuildFile section */
		B018E9082628128700638504 /* Main.storyboard in Resources */ = {isa = PBXBuildFile; fileRef = B018E9072628128700638504 /* Main.storyboard */; };
		B029DBBA262B82220004D096 /* SearchResultHeaderCell.xib in Resources */ = {isa = PBXBuildFile; fileRef = B029DBB9262B82220004D096 /* SearchResultHeaderCell.xib */; };
		B029DBBD262B822D0004D096 /* FiltersUsedCell.xib in Resources */ = {isa = PBXBuildFile; fileRef = B029DBBC262B822D0004D096 /* FiltersUsedCell.xib */; };
		B029DBC6263272340004D096 /* Functions.swift in Sources */ = {isa = PBXBuildFile; fileRef = B029DBC5263272340004D096 /* Functions.swift */; };
		B0322D982626871B00C9FC32 /* SearchResultCell.xib in Resources */ = {isa = PBXBuildFile; fileRef = B0322D972626871A00C9FC32 /* SearchResultCell.xib */; };
		B03752BC262A95B60062E281 /* Search.swift in Sources */ = {isa = PBXBuildFile; fileRef = B03752BB262A95B60062E281 /* Search.swift */; };
		B03752BF262A962B0062E281 /* FavoritesViewController.swift in Sources */ = {isa = PBXBuildFile; fileRef = B03752BE262A962B0062E281 /* FavoritesViewController.swift */; };
		B03752C7262AA6A60062E281 /* SearchResultsViewController.swift in Sources */ = {isa = PBXBuildFile; fileRef = B03752C6262AA6A60062E281 /* SearchResultsViewController.swift */; };
		B03838C9262A352B00316511 /* NothingFoundCell.xib in Resources */ = {isa = PBXBuildFile; fileRef = B03838C8262A352B00316511 /* NothingFoundCell.xib */; };
		B05A329826269358002F630D /* SearchResultCell.swift in Sources */ = {isa = PBXBuildFile; fileRef = B05A329726269358002F630D /* SearchResultCell.swift */; };
		B067173F2633B6F900495FF8 /* FavoritesCell.xib in Resources */ = {isa = PBXBuildFile; fileRef = B067173E2633B6F900495FF8 /* FavoritesCell.xib */; };
		B06717422633B71300495FF8 /* FavoritesCell.swift in Sources */ = {isa = PBXBuildFile; fileRef = B06717412633B71300495FF8 /* FavoritesCell.swift */; };
		B06717482633BB3E00495FF8 /* NoFavoritesCell.xib in Resources */ = {isa = PBXBuildFile; fileRef = B06717472633BB3E00495FF8 /* NoFavoritesCell.xib */; };
		B067175A2634B49400495FF8 /* Spell+CoreDataClass.swift in Sources */ = {isa = PBXBuildFile; fileRef = B06717562634B49400495FF8 /* Spell+CoreDataClass.swift */; };
		B06717612634B53C00495FF8 /* AllCharactersViewController.swift in Sources */ = {isa = PBXBuildFile; fileRef = B06717602634B53C00495FF8 /* AllCharactersViewController.swift */; };
		B06717652634B6BE00495FF8 /* UIButton+Border.swift in Sources */ = {isa = PBXBuildFile; fileRef = B06717642634B6BE00495FF8 /* UIButton+Border.swift */; };
		B06717692634C57900495FF8 /* AddCharacterViewController.swift in Sources */ = {isa = PBXBuildFile; fileRef = B06717682634C57900495FF8 /* AddCharacterViewController.swift */; };
		B067176C2634C58E00495FF8 /* DetailCharacterViewController.swift in Sources */ = {isa = PBXBuildFile; fileRef = B067176B2634C58E00495FF8 /* DetailCharacterViewController.swift */; };
		B06717712634C85100495FF8 /* CharacterCell.xib in Resources */ = {isa = PBXBuildFile; fileRef = B06717702634C85100495FF8 /* CharacterCell.xib */; };
		B06717782634CC2500495FF8 /* CharacterCell.swift in Sources */ = {isa = PBXBuildFile; fileRef = B06717772634CC2500495FF8 /* CharacterCell.swift */; };
		B0845EAE261D82FD00D56FB0 /* SearchResult.swift in Sources */ = {isa = PBXBuildFile; fileRef = B0845EAD261D82FD00D56FB0 /* SearchResult.swift */; };
		B0845EB2261E203400D56FB0 /* LoadingCell.xib in Resources */ = {isa = PBXBuildFile; fileRef = B0845EB1261E203400D56FB0 /* LoadingCell.xib */; };
		B0851201262789DB00000D46 /* DetailSpellViewController.swift in Sources */ = {isa = PBXBuildFile; fileRef = B0851200262789DB00000D46 /* DetailSpellViewController.swift */; };
		B0D6513426162B3B00919473 /* AppDelegate.swift in Sources */ = {isa = PBXBuildFile; fileRef = B0D6513326162B3B00919473 /* AppDelegate.swift */; };
		B0D6513626162B3B00919473 /* SceneDelegate.swift in Sources */ = {isa = PBXBuildFile; fileRef = B0D6513526162B3B00919473 /* SceneDelegate.swift */; };
		B0D6513826162B3B00919473 /* AllSpellsViewController.swift in Sources */ = {isa = PBXBuildFile; fileRef = B0D6513726162B3B00919473 /* AllSpellsViewController.swift */; };
		B0D6513E26162B3B00919473 /* Spellfinder.xcdatamodeld in Sources */ = {isa = PBXBuildFile; fileRef = B0D6513C26162B3B00919473 /* Spellfinder.xcdatamodeld */; };
		B0D6514026162B3C00919473 /* Assets.xcassets in Resources */ = {isa = PBXBuildFile; fileRef = B0D6513F26162B3C00919473 /* Assets.xcassets */; };
		B0D6514326162B3C00919473 /* LaunchScreen.storyboard in Resources */ = {isa = PBXBuildFile; fileRef = B0D6514126162B3C00919473 /* LaunchScreen.storyboard */; };
		B0D8A0702634F3A800431513 /* Retroica.ttf in Resources */ = {isa = PBXBuildFile; fileRef = B0D8A06F2634F3A800431513 /* Retroica.ttf */; };
		B0D8A07826360B8700431513 /* Spell+CoreDataProperties.swift in Sources */ = {isa = PBXBuildFile; fileRef = B0D8A07526360B8700431513 /* Spell+CoreDataProperties.swift */; };
		B0D8A07F26360DB300431513 /* IconPickerViewController.swift in Sources */ = {isa = PBXBuildFile; fileRef = B0D8A07E26360DB300431513 /* IconPickerViewController.swift */; };
		B0D8A086263620AB00431513 /* ClassPickerViewController.swift in Sources */ = {isa = PBXBuildFile; fileRef = B0D8A085263620AB00431513 /* ClassPickerViewController.swift */; };
		B0D8A08A26364C9C00431513 /* Character+CoreDataClass.swift in Sources */ = {isa = PBXBuildFile; fileRef = B0D8A08826364C9C00431513 /* Character+CoreDataClass.swift */; };
		B0D8A08B26364C9C00431513 /* Character+CoreDataProperties.swift in Sources */ = {isa = PBXBuildFile; fileRef = B0D8A08926364C9C00431513 /* Character+CoreDataProperties.swift */; };
		B0F2DC87263679C100AE818C /* SelectCharacterViewController.swift in Sources */ = {isa = PBXBuildFile; fileRef = B0F2DC86263679C100AE818C /* SelectCharacterViewController.swift */; };
		B0F2DC8A2638D49400AE818C /* CustomTabBarViewController.swift in Sources */ = {isa = PBXBuildFile; fileRef = B0F2DC892638D49400AE818C /* CustomTabBarViewController.swift */; };
/* End PBXBuildFile section */

/* Begin PBXFileReference section */
		B018E9072628128700638504 /* Main.storyboard */ = {isa = PBXFileReference; fileEncoding = 4; lastKnownFileType = file.storyboard; path = Main.storyboard; sourceTree = "<group>"; };
		B029DBB9262B82220004D096 /* SearchResultHeaderCell.xib */ = {isa = PBXFileReference; lastKnownFileType = file.xib; path = SearchResultHeaderCell.xib; sourceTree = "<group>"; };
		B029DBBC262B822D0004D096 /* FiltersUsedCell.xib */ = {isa = PBXFileReference; lastKnownFileType = file.xib; path = FiltersUsedCell.xib; sourceTree = "<group>"; };
		B029DBC5263272340004D096 /* Functions.swift */ = {isa = PBXFileReference; lastKnownFileType = sourcecode.swift; path = Functions.swift; sourceTree = "<group>"; };
		B0322D972626871A00C9FC32 /* SearchResultCell.xib */ = {isa = PBXFileReference; lastKnownFileType = file.xib; path = SearchResultCell.xib; sourceTree = "<group>"; };
		B03752BB262A95B60062E281 /* Search.swift */ = {isa = PBXFileReference; lastKnownFileType = sourcecode.swift; path = Search.swift; sourceTree = "<group>"; };
		B03752BE262A962B0062E281 /* FavoritesViewController.swift */ = {isa = PBXFileReference; lastKnownFileType = sourcecode.swift; path = FavoritesViewController.swift; sourceTree = "<group>"; };
		B03752C6262AA6A60062E281 /* SearchResultsViewController.swift */ = {isa = PBXFileReference; lastKnownFileType = sourcecode.swift; path = SearchResultsViewController.swift; sourceTree = "<group>"; };
		B03838C8262A352B00316511 /* NothingFoundCell.xib */ = {isa = PBXFileReference; lastKnownFileType = file.xib; path = NothingFoundCell.xib; sourceTree = "<group>"; };
		B05A329726269358002F630D /* SearchResultCell.swift */ = {isa = PBXFileReference; lastKnownFileType = sourcecode.swift; path = SearchResultCell.swift; sourceTree = "<group>"; };
		B067173E2633B6F900495FF8 /* FavoritesCell.xib */ = {isa = PBXFileReference; lastKnownFileType = file.xib; path = FavoritesCell.xib; sourceTree = "<group>"; };
		B06717412633B71300495FF8 /* FavoritesCell.swift */ = {isa = PBXFileReference; lastKnownFileType = sourcecode.swift; path = FavoritesCell.swift; sourceTree = "<group>"; };
		B06717472633BB3E00495FF8 /* NoFavoritesCell.xib */ = {isa = PBXFileReference; lastKnownFileType = file.xib; path = NoFavoritesCell.xib; sourceTree = "<group>"; };
		B06717562634B49400495FF8 /* Spell+CoreDataClass.swift */ = {isa = PBXFileReference; lastKnownFileType = sourcecode.swift; name = "Spell+CoreDataClass.swift"; path = "../../Spell+CoreDataClass.swift"; sourceTree = "<group>"; };
		B06717602634B53C00495FF8 /* AllCharactersViewController.swift */ = {isa = PBXFileReference; lastKnownFileType = sourcecode.swift; path = AllCharactersViewController.swift; sourceTree = "<group>"; };
		B06717642634B6BE00495FF8 /* UIButton+Border.swift */ = {isa = PBXFileReference; lastKnownFileType = sourcecode.swift; path = "UIButton+Border.swift"; sourceTree = "<group>"; };
		B06717682634C57900495FF8 /* AddCharacterViewController.swift */ = {isa = PBXFileReference; lastKnownFileType = sourcecode.swift; path = AddCharacterViewController.swift; sourceTree = "<group>"; };
		B067176B2634C58E00495FF8 /* DetailCharacterViewController.swift */ = {isa = PBXFileReference; lastKnownFileType = sourcecode.swift; path = DetailCharacterViewController.swift; sourceTree = "<group>"; };
		B06717702634C85100495FF8 /* CharacterCell.xib */ = {isa = PBXFileReference; lastKnownFileType = file.xib; path = CharacterCell.xib; sourceTree = "<group>"; };
		B06717772634CC2500495FF8 /* CharacterCell.swift */ = {isa = PBXFileReference; lastKnownFileType = sourcecode.swift; path = CharacterCell.swift; sourceTree = "<group>"; };
		B0845EAD261D82FD00D56FB0 /* SearchResult.swift */ = {isa = PBXFileReference; indentWidth = 2; lastKnownFileType = sourcecode.swift; path = SearchResult.swift; sourceTree = "<group>"; tabWidth = 2; };
		B0845EB1261E203400D56FB0 /* LoadingCell.xib */ = {isa = PBXFileReference; lastKnownFileType = file.xib; path = LoadingCell.xib; sourceTree = "<group>"; };
		B0851200262789DB00000D46 /* DetailSpellViewController.swift */ = {isa = PBXFileReference; lastKnownFileType = sourcecode.swift; path = DetailSpellViewController.swift; sourceTree = "<group>"; };
		B0D6513026162B3B00919473 /* Spellfinder.app */ = {isa = PBXFileReference; explicitFileType = wrapper.application; includeInIndex = 0; path = Spellfinder.app; sourceTree = BUILT_PRODUCTS_DIR; };
		B0D6513326162B3B00919473 /* AppDelegate.swift */ = {isa = PBXFileReference; lastKnownFileType = sourcecode.swift; path = AppDelegate.swift; sourceTree = "<group>"; };
		B0D6513526162B3B00919473 /* SceneDelegate.swift */ = {isa = PBXFileReference; lastKnownFileType = sourcecode.swift; path = SceneDelegate.swift; sourceTree = "<group>"; };
		B0D6513726162B3B00919473 /* AllSpellsViewController.swift */ = {isa = PBXFileReference; lastKnownFileType = sourcecode.swift; path = AllSpellsViewController.swift; sourceTree = "<group>"; };
		B0D6513D26162B3B00919473 /* Spellfinder.xcdatamodel */ = {isa = PBXFileReference; lastKnownFileType = wrapper.xcdatamodel; path = Spellfinder.xcdatamodel; sourceTree = "<group>"; };
		B0D6513F26162B3C00919473 /* Assets.xcassets */ = {isa = PBXFileReference; lastKnownFileType = folder.assetcatalog; path = Assets.xcassets; sourceTree = "<group>"; };
		B0D6514226162B3C00919473 /* Base */ = {isa = PBXFileReference; lastKnownFileType = file.storyboard; name = Base; path = Base.lproj/LaunchScreen.storyboard; sourceTree = "<group>"; };
		B0D6514426162B3C00919473 /* Info.plist */ = {isa = PBXFileReference; lastKnownFileType = text.plist.xml; path = Info.plist; sourceTree = "<group>"; };
		B0D8A06F2634F3A800431513 /* Retroica.ttf */ = {isa = PBXFileReference; lastKnownFileType = file; name = Retroica.ttf; path = ../../../iosDev/Retroica.ttf; sourceTree = "<group>"; };
		B0D8A07526360B8700431513 /* Spell+CoreDataProperties.swift */ = {isa = PBXFileReference; lastKnownFileType = sourcecode.swift; path = "Spell+CoreDataProperties.swift"; sourceTree = "<group>"; };
		B0D8A07E26360DB300431513 /* IconPickerViewController.swift */ = {isa = PBXFileReference; lastKnownFileType = sourcecode.swift; path = IconPickerViewController.swift; sourceTree = "<group>"; };
		B0D8A085263620AB00431513 /* ClassPickerViewController.swift */ = {isa = PBXFileReference; lastKnownFileType = sourcecode.swift; path = ClassPickerViewController.swift; sourceTree = "<group>"; };
		B0D8A08826364C9C00431513 /* Character+CoreDataClass.swift */ = {isa = PBXFileReference; lastKnownFileType = sourcecode.swift; path = "Character+CoreDataClass.swift"; sourceTree = "<group>"; };
		B0D8A08926364C9C00431513 /* Character+CoreDataProperties.swift */ = {isa = PBXFileReference; lastKnownFileType = sourcecode.swift; path = "Character+CoreDataProperties.swift"; sourceTree = "<group>"; };
		B0F2DC86263679C100AE818C /* SelectCharacterViewController.swift */ = {isa = PBXFileReference; lastKnownFileType = sourcecode.swift; path = SelectCharacterViewController.swift; sourceTree = "<group>"; };
		B0F2DC892638D49400AE818C /* CustomTabBarViewController.swift */ = {isa = PBXFileReference; lastKnownFileType = sourcecode.swift; path = CustomTabBarViewController.swift; sourceTree = "<group>"; };
/* End PBXFileReference section */

/* Begin PBXFrameworksBuildPhase section */
		B0D6512D26162B3B00919473 /* Frameworks */ = {
			isa = PBXFrameworksBuildPhase;
			buildActionMask = 2147483647;
			files = (
			);
			runOnlyForDeploymentPostprocessing = 0;
		};
/* End PBXFrameworksBuildPhase section */

/* Begin PBXGroup section */
		B029DBB8262B82080004D096 /* Search Results Screen */ = {
			isa = PBXGroup;
			children = (
				B029DBB9262B82220004D096 /* SearchResultHeaderCell.xib */,
				B029DBBC262B822D0004D096 /* FiltersUsedCell.xib */,
			);
			path = "Search Results Screen";
			sourceTree = "<group>";
		};
		B0322D9A2626872300C9FC32 /* Xibs */ = {
			isa = PBXGroup;
			children = (
				B029DBB8262B82080004D096 /* Search Results Screen */,
				B06717442633B71800495FF8 /* Favorites Screen */,
				B0845EB1261E203400D56FB0 /* LoadingCell.xib */,
				B03838C8262A352B00316511 /* NothingFoundCell.xib */,
				B0322D972626871A00C9FC32 /* SearchResultCell.xib */,
				B05A329726269358002F630D /* SearchResultCell.swift */,
				B06717732634C85600495FF8 /* Characters Screen */,
			);
			path = Xibs;
			sourceTree = "<group>";
		};
		B06717442633B71800495FF8 /* Favorites Screen */ = {
			isa = PBXGroup;
			children = (
				B067173E2633B6F900495FF8 /* FavoritesCell.xib */,
				B06717412633B71300495FF8 /* FavoritesCell.swift */,
				B06717472633BB3E00495FF8 /* NoFavoritesCell.xib */,
			);
			path = "Favorites Screen";
			sourceTree = "<group>";
		};
		B06717732634C85600495FF8 /* Characters Screen */ = {
			isa = PBXGroup;
			children = (
				B06717702634C85100495FF8 /* CharacterCell.xib */,
				B06717772634CC2500495FF8 /* CharacterCell.swift */,
			);
			path = "Characters Screen";
			sourceTree = "<group>";
		};
		B06717752634CBD600495FF8 /* Characters */ = {
			isa = PBXGroup;
			children = (
				B06717602634B53C00495FF8 /* AllCharactersViewController.swift */,
				B06717682634C57900495FF8 /* AddCharacterViewController.swift */,
				B067176B2634C58E00495FF8 /* DetailCharacterViewController.swift */,
				B0D8A07E26360DB300431513 /* IconPickerViewController.swift */,
				B0D8A085263620AB00431513 /* ClassPickerViewController.swift */,
			);
			path = Characters;
			sourceTree = "<group>";
		};
		B067177A2634CE5B00495FF8 /* Spells */ = {
			isa = PBXGroup;
			children = (
				B0D6513726162B3B00919473 /* AllSpellsViewController.swift */,
				B0851200262789DB00000D46 /* DetailSpellViewController.swift */,
				B03752C6262AA6A60062E281 /* SearchResultsViewController.swift */,
			);
			path = Spells;
			sourceTree = "<group>";
		};
		B0845EA9261D45AC00D56FB0 /* Data Models */ = {
			isa = PBXGroup;
			children = (
				B0D8A08826364C9C00431513 /* Character+CoreDataClass.swift */,
				B0D8A08926364C9C00431513 /* Character+CoreDataProperties.swift */,
				B06717562634B49400495FF8 /* Spell+CoreDataClass.swift */,
				B0D8A07526360B8700431513 /* Spell+CoreDataProperties.swift */,
				B0845EAD261D82FD00D56FB0 /* SearchResult.swift */,
				B03752BB262A95B60062E281 /* Search.swift */,
			);
			path = "Data Models";
			sourceTree = "<group>";
		};
		B0851203262789E100000D46 /* View Controllers */ = {
			isa = PBXGroup;
			children = (
				B067177A2634CE5B00495FF8 /* Spells */,
				B06717752634CBD600495FF8 /* Characters */,
				B03752BE262A962B0062E281 /* FavoritesViewController.swift */,
				B0F2DC86263679C100AE818C /* SelectCharacterViewController.swift */,
				B0F2DC892638D49400AE818C /* CustomTabBarViewController.swift */,
			);
			path = "View Controllers";
			sourceTree = "<group>";
		};
		B087339426339F2600F2A449 /* Launch Screen */ = {
			isa = PBXGroup;
			children = (
				B0D6514126162B3C00919473 /* LaunchScreen.storyboard */,
			);
			path = "Launch Screen";
			sourceTree = "<group>";
		};
		B0D6512726162B3B00919473 = {
			isa = PBXGroup;
			children = (
				B0D6513226162B3B00919473 /* Spellfinder */,
				B0D6513126162B3B00919473 /* Products */,
			);
			sourceTree = "<group>";
		};
		B0D6513126162B3B00919473 /* Products */ = {
			isa = PBXGroup;
			children = (
				B0D6513026162B3B00919473 /* Spellfinder.app */,
			);
			name = Products;
			sourceTree = "<group>";
		};
		B0D6513226162B3B00919473 /* Spellfinder */ = {
			isa = PBXGroup;
			children = (
				B0D6513326162B3B00919473 /* AppDelegate.swift */,
				B0D6513526162B3B00919473 /* SceneDelegate.swift */,
				B029DBC5263272340004D096 /* Functions.swift */,
				B06717642634B6BE00495FF8 /* UIButton+Border.swift */,
				B0322D9A2626872300C9FC32 /* Xibs */,
				B0845EA9261D45AC00D56FB0 /* Data Models */,
				B0851203262789E100000D46 /* View Controllers */,
				B018E9072628128700638504 /* Main.storyboard */,
				B0D6513F26162B3C00919473 /* Assets.xcassets */,
				B0D8A06E2634F39100431513 /* Fonts */,
				B087339426339F2600F2A449 /* Launch Screen */,
				B0D6514426162B3C00919473 /* Info.plist */,
				B0D6513C26162B3B00919473 /* Spellfinder.xcdatamodeld */,
			);
			path = Spellfinder;
			sourceTree = "<group>";
		};
		B0D8A06E2634F39100431513 /* Fonts */ = {
			isa = PBXGroup;
			children = (
				B0D8A06F2634F3A800431513 /* Retroica.ttf */,
			);
			path = Fonts;
			sourceTree = "<group>";
		};
/* End PBXGroup section */

/* Begin PBXNativeTarget section */
		B0D6512F26162B3B00919473 /* Spellfinder */ = {
			isa = PBXNativeTarget;
			buildConfigurationList = B0D6514726162B3C00919473 /* Build configuration list for PBXNativeTarget "Spellfinder" */;
			buildPhases = (
				B0D6512C26162B3B00919473 /* Sources */,
				B0D6512D26162B3B00919473 /* Frameworks */,
				B0D6512E26162B3B00919473 /* Resources */,
			);
			buildRules = (
			);
			dependencies = (
			);
			name = Spellfinder;
			productName = Spellfinder;
			productReference = B0D6513026162B3B00919473 /* Spellfinder.app */;
			productType = "com.apple.product-type.application";
		};
/* End PBXNativeTarget section */

/* Begin PBXProject section */
		B0D6512826162B3B00919473 /* Project object */ = {
			isa = PBXProject;
			attributes = {
				LastSwiftUpdateCheck = 1240;
				LastUpgradeCheck = 1240;
				TargetAttributes = {
					B0D6512F26162B3B00919473 = {
						CreatedOnToolsVersion = 12.4;
					};
				};
			};
			buildConfigurationList = B0D6512B26162B3B00919473 /* Build configuration list for PBXProject "Spellfinder" */;
			compatibilityVersion = "Xcode 9.3";
			developmentRegion = en;
			hasScannedForEncodings = 0;
			knownRegions = (
				en,
				Base,
			);
			mainGroup = B0D6512726162B3B00919473;
			productRefGroup = B0D6513126162B3B00919473 /* Products */;
			projectDirPath = "";
			projectRoot = "";
			targets = (
				B0D6512F26162B3B00919473 /* Spellfinder */,
			);
		};
/* End PBXProject section */

/* Begin PBXResourcesBuildPhase section */
		B0D6512E26162B3B00919473 /* Resources */ = {
			isa = PBXResourcesBuildPhase;
			buildActionMask = 2147483647;
			files = (
				B0D6514326162B3C00919473 /* LaunchScreen.storyboard in Resources */,
				B0D8A0702634F3A800431513 /* Retroica.ttf in Resources */,
				B018E9082628128700638504 /* Main.storyboard in Resources */,
				B03838C9262A352B00316511 /* NothingFoundCell.xib in Resources */,
				B0322D982626871B00C9FC32 /* SearchResultCell.xib in Resources */,
				B0D6514026162B3C00919473 /* Assets.xcassets in Resources */,
				B067173F2633B6F900495FF8 /* FavoritesCell.xib in Resources */,
				B0845EB2261E203400D56FB0 /* LoadingCell.xib in Resources */,
				B029DBBD262B822D0004D096 /* FiltersUsedCell.xib in Resources */,
				B06717482633BB3E00495FF8 /* NoFavoritesCell.xib in Resources */,
				B029DBBA262B82220004D096 /* SearchResultHeaderCell.xib in Resources */,
				B06717712634C85100495FF8 /* CharacterCell.xib in Resources */,
			);
			runOnlyForDeploymentPostprocessing = 0;
		};
/* End PBXResourcesBuildPhase section */

/* Begin PBXSourcesBuildPhase section */
		B0D6512C26162B3B00919473 /* Sources */ = {
			isa = PBXSourcesBuildPhase;
			buildActionMask = 2147483647;
			files = (
				B0D6513E26162B3B00919473 /* Spellfinder.xcdatamodeld in Sources */,
				B0D8A08A26364C9C00431513 /* Character+CoreDataClass.swift in Sources */,
				B067176C2634C58E00495FF8 /* DetailCharacterViewController.swift in Sources */,
				B03752BF262A962B0062E281 /* FavoritesViewController.swift in Sources */,
				B06717782634CC2500495FF8 /* CharacterCell.swift in Sources */,
				B0D8A07826360B8700431513 /* Spell+CoreDataProperties.swift in Sources */,
				B0D8A07F26360DB300431513 /* IconPickerViewController.swift in Sources */,
				B0D6513826162B3B00919473 /* AllSpellsViewController.swift in Sources */,
				B0D8A086263620AB00431513 /* ClassPickerViewController.swift in Sources */,
				B0D8A08B26364C9C00431513 /* Character+CoreDataProperties.swift in Sources */,
				B0845EAE261D82FD00D56FB0 /* SearchResult.swift in Sources */,
				B029DBC6263272340004D096 /* Functions.swift in Sources */,
				B0D6513426162B3B00919473 /* AppDelegate.swift in Sources */,
				B06717422633B71300495FF8 /* FavoritesCell.swift in Sources */,
				B05A329826269358002F630D /* SearchResultCell.swift in Sources */,
				B03752BC262A95B60062E281 /* Search.swift in Sources */,
				B06717652634B6BE00495FF8 /* UIButton+Border.swift in Sources */,
				B06717612634B53C00495FF8 /* AllCharactersViewController.swift in Sources */,
				B0F2DC87263679C100AE818C /* SelectCharacterViewController.swift in Sources */,
				B06717692634C57900495FF8 /* AddCharacterViewController.swift in Sources */,
				B0D6513626162B3B00919473 /* SceneDelegate.swift in Sources */,
				B0F2DC8A2638D49400AE818C /* CustomTabBarViewController.swift in Sources */,
				B0851201262789DB00000D46 /* DetailSpellViewController.swift in Sources */,
				B067175A2634B49400495FF8 /* Spell+CoreDataClass.swift in Sources */,
				B03752C7262AA6A60062E281 /* SearchResultsViewController.swift in Sources */,
			);
			runOnlyForDeploymentPostprocessing = 0;
		};
/* End PBXSourcesBuildPhase section */

/* Begin PBXVariantGroup section */
		B0D6514126162B3C00919473 /* LaunchScreen.storyboard */ = {
			isa = PBXVariantGroup;
			children = (
				B0D6514226162B3C00919473 /* Base */,
			);
			name = LaunchScreen.storyboard;
			sourceTree = "<group>";
		};
/* End PBXVariantGroup section */

/* Begin XCBuildConfiguration section */
		B0D6514526162B3C00919473 /* Debug */ = {
			isa = XCBuildConfiguration;
			buildSettings = {
				ALWAYS_SEARCH_USER_PATHS = NO;
				CLANG_ANALYZER_NONNULL = YES;
				CLANG_ANALYZER_NUMBER_OBJECT_CONVERSION = YES_AGGRESSIVE;
				CLANG_CXX_LANGUAGE_STANDARD = "gnu++14";
				CLANG_CXX_LIBRARY = "libc++";
				CLANG_ENABLE_MODULES = YES;
				CLANG_ENABLE_OBJC_ARC = YES;
				CLANG_ENABLE_OBJC_WEAK = YES;
				CLANG_WARN_BLOCK_CAPTURE_AUTORELEASING = YES;
				CLANG_WARN_BOOL_CONVERSION = YES;
				CLANG_WARN_COMMA = YES;
				CLANG_WARN_CONSTANT_CONVERSION = YES;
				CLANG_WARN_DEPRECATED_OBJC_IMPLEMENTATIONS = YES;
				CLANG_WARN_DIRECT_OBJC_ISA_USAGE = YES_ERROR;
				CLANG_WARN_DOCUMENTATION_COMMENTS = YES;
				CLANG_WARN_EMPTY_BODY = YES;
				CLANG_WARN_ENUM_CONVERSION = YES;
				CLANG_WARN_INFINITE_RECURSION = YES;
				CLANG_WARN_INT_CONVERSION = YES;
				CLANG_WARN_NON_LITERAL_NULL_CONVERSION = YES;
				CLANG_WARN_OBJC_IMPLICIT_RETAIN_SELF = YES;
				CLANG_WARN_OBJC_LITERAL_CONVERSION = YES;
				CLANG_WARN_OBJC_ROOT_CLASS = YES_ERROR;
				CLANG_WARN_QUOTED_INCLUDE_IN_FRAMEWORK_HEADER = YES;
				CLANG_WARN_RANGE_LOOP_ANALYSIS = YES;
				CLANG_WARN_STRICT_PROTOTYPES = YES;
				CLANG_WARN_SUSPICIOUS_MOVE = YES;
				CLANG_WARN_UNGUARDED_AVAILABILITY = YES_AGGRESSIVE;
				CLANG_WARN_UNREACHABLE_CODE = YES;
				CLANG_WARN__DUPLICATE_METHOD_MATCH = YES;
				COPY_PHASE_STRIP = NO;
				DEBUG_INFORMATION_FORMAT = dwarf;
				ENABLE_STRICT_OBJC_MSGSEND = YES;
				ENABLE_TESTABILITY = YES;
				GCC_C_LANGUAGE_STANDARD = gnu11;
				GCC_DYNAMIC_NO_PIC = NO;
				GCC_NO_COMMON_BLOCKS = YES;
				GCC_OPTIMIZATION_LEVEL = 0;
				GCC_PREPROCESSOR_DEFINITIONS = (
					"DEBUG=1",
					"$(inherited)",
				);
				GCC_WARN_64_TO_32_BIT_CONVERSION = YES;
				GCC_WARN_ABOUT_RETURN_TYPE = YES_ERROR;
				GCC_WARN_UNDECLARED_SELECTOR = YES;
				GCC_WARN_UNINITIALIZED_AUTOS = YES_AGGRESSIVE;
				GCC_WARN_UNUSED_FUNCTION = YES;
				GCC_WARN_UNUSED_VARIABLE = YES;
				IPHONEOS_DEPLOYMENT_TARGET = 14.4;
				MTL_ENABLE_DEBUG_INFO = INCLUDE_SOURCE;
				MTL_FAST_MATH = YES;
				ONLY_ACTIVE_ARCH = YES;
				SDKROOT = iphoneos;
				SWIFT_ACTIVE_COMPILATION_CONDITIONS = DEBUG;
				SWIFT_OPTIMIZATION_LEVEL = "-Onone";
			};
			name = Debug;
		};
		B0D6514626162B3C00919473 /* Release */ = {
			isa = XCBuildConfiguration;
			buildSettings = {
				ALWAYS_SEARCH_USER_PATHS = NO;
				CLANG_ANALYZER_NONNULL = YES;
				CLANG_ANALYZER_NUMBER_OBJECT_CONVERSION = YES_AGGRESSIVE;
				CLANG_CXX_LANGUAGE_STANDARD = "gnu++14";
				CLANG_CXX_LIBRARY = "libc++";
				CLANG_ENABLE_MODULES = YES;
				CLANG_ENABLE_OBJC_ARC = YES;
				CLANG_ENABLE_OBJC_WEAK = YES;
				CLANG_WARN_BLOCK_CAPTURE_AUTORELEASING = YES;
				CLANG_WARN_BOOL_CONVERSION = YES;
				CLANG_WARN_COMMA = YES;
				CLANG_WARN_CONSTANT_CONVERSION = YES;
				CLANG_WARN_DEPRECATED_OBJC_IMPLEMENTATIONS = YES;
				CLANG_WARN_DIRECT_OBJC_ISA_USAGE = YES_ERROR;
				CLANG_WARN_DOCUMENTATION_COMMENTS = YES;
				CLANG_WARN_EMPTY_BODY = YES;
				CLANG_WARN_ENUM_CONVERSION = YES;
				CLANG_WARN_INFINITE_RECURSION = YES;
				CLANG_WARN_INT_CONVERSION = YES;
				CLANG_WARN_NON_LITERAL_NULL_CONVERSION = YES;
				CLANG_WARN_OBJC_IMPLICIT_RETAIN_SELF = YES;
				CLANG_WARN_OBJC_LITERAL_CONVERSION = YES;
				CLANG_WARN_OBJC_ROOT_CLASS = YES_ERROR;
				CLANG_WARN_QUOTED_INCLUDE_IN_FRAMEWORK_HEADER = YES;
				CLANG_WARN_RANGE_LOOP_ANALYSIS = YES;
				CLANG_WARN_STRICT_PROTOTYPES = YES;
				CLANG_WARN_SUSPICIOUS_MOVE = YES;
				CLANG_WARN_UNGUARDED_AVAILABILITY = YES_AGGRESSIVE;
				CLANG_WARN_UNREACHABLE_CODE = YES;
				CLANG_WARN__DUPLICATE_METHOD_MATCH = YES;
				COPY_PHASE_STRIP = NO;
				DEBUG_INFORMATION_FORMAT = "dwarf-with-dsym";
				ENABLE_NS_ASSERTIONS = NO;
				ENABLE_STRICT_OBJC_MSGSEND = YES;
				GCC_C_LANGUAGE_STANDARD = gnu11;
				GCC_NO_COMMON_BLOCKS = YES;
				GCC_WARN_64_TO_32_BIT_CONVERSION = YES;
				GCC_WARN_ABOUT_RETURN_TYPE = YES_ERROR;
				GCC_WARN_UNDECLARED_SELECTOR = YES;
				GCC_WARN_UNINITIALIZED_AUTOS = YES_AGGRESSIVE;
				GCC_WARN_UNUSED_FUNCTION = YES;
				GCC_WARN_UNUSED_VARIABLE = YES;
				IPHONEOS_DEPLOYMENT_TARGET = 14.4;
				MTL_ENABLE_DEBUG_INFO = NO;
				MTL_FAST_MATH = YES;
				SDKROOT = iphoneos;
				SWIFT_COMPILATION_MODE = wholemodule;
				SWIFT_OPTIMIZATION_LEVEL = "-O";
				VALIDATE_PRODUCT = YES;
			};
			name = Release;
		};
		B0D6514826162B3C00919473 /* Debug */ = {
			isa = XCBuildConfiguration;
			buildSettings = {
				ASSETCATALOG_COMPILER_APPICON_NAME = AppIcon;
				ASSETCATALOG_COMPILER_GLOBAL_ACCENT_COLOR_NAME = AccentColor;
				CODE_SIGN_STYLE = Automatic;
				DEVELOPMENT_TEAM = 4597NBY6U5;
				INFOPLIST_FILE = Spellfinder/Info.plist;
				LD_RUNPATH_SEARCH_PATHS = (
					"$(inherited)",
					"@executable_path/Frameworks",
				);
				PRODUCT_BUNDLE_IDENTIFIER = com.skeyan.Spellfinder;
				PRODUCT_NAME = "$(TARGET_NAME)";
				SWIFT_VERSION = 5.0;
				TARGETED_DEVICE_FAMILY = "1,2";
			};
			name = Debug;
		};
		B0D6514926162B3C00919473 /* Release */ = {
			isa = XCBuildConfiguration;
			buildSettings = {
				ASSETCATALOG_COMPILER_APPICON_NAME = AppIcon;
				ASSETCATALOG_COMPILER_GLOBAL_ACCENT_COLOR_NAME = AccentColor;
				CODE_SIGN_STYLE = Automatic;
				DEVELOPMENT_TEAM = 4597NBY6U5;
				INFOPLIST_FILE = Spellfinder/Info.plist;
				LD_RUNPATH_SEARCH_PATHS = (
					"$(inherited)",
					"@executable_path/Frameworks",
				);
				PRODUCT_BUNDLE_IDENTIFIER = com.skeyan.Spellfinder;
				PRODUCT_NAME = "$(TARGET_NAME)";
				SWIFT_VERSION = 5.0;
				TARGETED_DEVICE_FAMILY = "1,2";
			};
			name = Release;
		};
/* End XCBuildConfiguration section */

/* Begin XCConfigurationList section */
		B0D6512B26162B3B00919473 /* Build configuration list for PBXProject "Spellfinder" */ = {
			isa = XCConfigurationList;
			buildConfigurations = (
				B0D6514526162B3C00919473 /* Debug */,
				B0D6514626162B3C00919473 /* Release */,
			);
			defaultConfigurationIsVisible = 0;
			defaultConfigurationName = Release;
		};
		B0D6514726162B3C00919473 /* Build configuration list for PBXNativeTarget "Spellfinder" */ = {
			isa = XCConfigurationList;
			buildConfigurations = (
				B0D6514826162B3C00919473 /* Debug */,
				B0D6514926162B3C00919473 /* Release */,
			);
			defaultConfigurationIsVisible = 0;
			defaultConfigurationName = Release;
		};
/* End XCConfigurationList section */

/* Begin XCVersionGroup section */
		B0D6513C26162B3B00919473 /* Spellfinder.xcdatamodeld */ = {
			isa = XCVersionGroup;
			children = (
				B0D6513D26162B3B00919473 /* Spellfinder.xcdatamodel */,
			);
			currentVersion = B0D6513D26162B3B00919473 /* Spellfinder.xcdatamodel */;
			path = Spellfinder.xcdatamodeld;
			sourceTree = "<group>";
			versionGroupType = wrapper.xcdatamodel;
		};
/* End XCVersionGroup section */
	};
	rootObject = B0D6512826162B3B00919473 /* Project object */;
}
